lockfileVersion: '9.0'

settings:
  autoInstallPeers: true
  excludeLinksFromLockfile: false

importers:

  .:
    dependencies:
      react-player:
        specifier: ^3.3.3
        version: 3.3.3(@types/react@19.2.0)(react-dom@19.2.0(react@19.2.0))(react@19.2.0)

packages:

  '@mux/mux-data-google-ima@0.2.8':
    resolution: {integrity: sha512-0ZEkHdcZ6bS8QtcjFcoJeZxJTpX7qRIledf4q1trMWPznugvtajCjCM2kieK/pzkZj1JM6liDRFs1PJSfVUs2A==}

  '@mux/mux-player-react@3.6.1':
    resolution: {integrity: sha512-YKIieu9GmFI73+1EcAvd63ftZ0Z9ilGbWo2dGXqQeyCEcagIN0oEcXWUPuIuxhvYB0XXsxB8RBAD8SigHkCYAQ==}
    peerDependencies:
      '@types/react': ^17.0.0 || ^17.0.0-0 || ^18 || ^18.0.0-0 || ^19 || ^19.0.0-0
      '@types/react-dom': '*'
      react: ^17.0.2 || ^17.0.0-0 || ^18 || ^18.0.0-0 || ^19 || ^19.0.0-0
      react-dom: ^17.0.2 || ^17.0.2-0 || ^18 || ^18.0.0-0 || ^19 || ^19.0.0-0
    peerDependenciesMeta:
      '@types/react':
        optional: true
      '@types/react-dom':
        optional: true

  '@mux/mux-player@3.6.1':
    resolution: {integrity: sha512-QidL9CSkRBwa49ItphuDXWtarAiskP8AG/+vj5u0LsCa+VqObQxPfxE9t5S9YO/SDYHXqDMviMpmSzotSROGUQ==}

  '@mux/mux-video@0.27.0':
    resolution: {integrity: sha512-Oi142YAcPKrmHTG+eaWHWaE7ucMHeJwx1FXABbLM2hMGj9MQ7kYjsD5J3meFlvuyz5UeVDsPLHeUJgeBXUZovg==}

  '@mux/playback-core@0.31.0':
    resolution: {integrity: sha512-VADcrtS4O6fQBH8qmgavS6h7v7amzy2oCguu1NnLaVZ3Z8WccNXcF0s7jPRoRDyXWGShgtVhypW2uXjLpkPxyw==}

  '@svta/common-media-library@0.12.4':
    resolution: {integrity: sha512-9EuOoaNmz7JrfGwjsrD9SxF9otU5TNMnbLu1yU4BeLK0W5cDxVXXR58Z89q9u2AnHjIctscjMTYdlqQ1gojTuw==}

  '@types/react@19.2.0':
    resolution: {integrity: sha512-1LOH8xovvsKsCBq1wnT4ntDUdCJKmnEakhsuoUSy6ExlHCkGP2hqnatagYTgFk6oeL0VU31u7SNjunPN+GchtA==}

  '@vimeo/player@2.29.0':
    resolution: {integrity: sha512-9JjvjeqUndb9otCCFd0/+2ESsLk7VkDE6sxOBy9iy2ukezuQbplVRi+g9g59yAurKofbmTi/KcKxBGO/22zWRw==}

  bcp-47-match@2.0.3:
    resolution: {integrity: sha512-JtTezzbAibu8G0R9op9zb3vcWZd9JF6M0xOYGPn0fNCd7wOpRB1mU2mH9T8gaBGbAAyIIVgB2G7xG0GP98zMAQ==}

  bcp-47-normalize@2.3.0:
    resolution: {integrity: sha512-8I/wfzqQvttUFz7HVJgIZ7+dj3vUaIyIxYXaTRP1YWoSDfzt6TUmxaKZeuXR62qBmYr+nvuWINFRl6pZ5DlN4Q==}

  bcp-47@2.1.0:
    resolution: {integrity: sha512-9IIS3UPrvIa1Ej+lVDdDwO7zLehjqsaByECw0bu2RRGP73jALm6FYbzI5gWbgHLvNdkvfXB5YrSbocZdOS0c0w==}

  castable-video@1.1.11:
    resolution: {integrity: sha512-LCRTK6oe7SB1SiUQFzZCo6D6gcEzijqBTVIuj3smKpQdesXM18QTbCVqWgh9MfOeQgTx/i9ji5jGcdqNPeWg2g==}

  ce-la-react@0.3.1:
    resolution: {integrity: sha512-g0YwpZDPIwTwFumGTzNHcgJA6VhFfFCJkSNdUdC04br2UfU+56JDrJrJva3FZ7MToB4NDHAFBiPE/PZdNl1mQA==}
    peerDependencies:
      react: '>=17.0.0'

  cloudflare-video-element@1.3.4:
    resolution: {integrity: sha512-F9g+tXzGEXI6v6L48qXxr8vnR8+L6yy7IhpJxK++lpzuVekMHTixxH7/dzLuq6OacVGziU4RB5pzZYJ7/LYtJg==}

  codem-isoboxer@0.3.10:
    resolution: {integrity: sha512-eNk3TRV+xQMJ1PEj0FQGY8KD4m0GPxT487XJ+Iftm7mVa9WpPFDMWqPt+46buiP5j5Wzqe5oMIhqBcAeKfygSA==}

  csstype@3.1.3:
    resolution: {integrity: sha512-M1uQkMl8rQK/szD0LNhtqxIPLpimGm8sOBwU7lLnCpSbTyY3yeU1Vc7l4KT5zT4s/yOxHH5O7tIuuLOCnLADRw==}

  custom-media-element@1.4.5:
    resolution: {integrity: sha512-cjrsQufETwxjvwZbYbKBCJNvmQ2++G9AvT45zDi7NXL9k2PdVcs2h0jQz96J6G4TMKRCcEsoJ+QTgQD00Igtjw==}

  dash-video-element@0.2.0:
    resolution: {integrity: sha512-dgmhBOte6JgvSvowvrh0Q/vhSrB52Q/AUl/KqminAUkPuUT3CCUNhto1X8ANigWkmNwhktFc/PCe0lF/4tBFwQ==}

  dashjs@5.0.3:
    resolution: {integrity: sha512-TXndNnCUjFjF2nYBxDVba+hWRpVkadkQ8flLp7kHkem+5+wZTfRShJCnVkPUosmjS0YPE9fVNLbYPJxHBeQZvA==}

  fast-deep-equal@3.1.3:
    resolution: {integrity: sha512-f3qQ9oQy9j2AhBe/H9VC91wLmKBCCU/gDOnKNAYG5hswO7BLKj09Hc5HYNz9cGI++xlpDCIgDaitVs03ATR84Q==}

  hls-video-element@1.5.8:
    resolution: {integrity: sha512-DdeX5NzhM2Bj+ls5aaRrzSSnriK+r6lCrDa0YyfviNO4zb10JyAnJHZM214lXBWQghCm+fKmlWW1qpzdNoSAvQ==}

  hls.js@1.6.13:
    resolution: {integrity: sha512-hNEzjZNHf5bFrUNvdS4/1RjIanuJ6szpWNfTaX5I6WfGynWXGT7K/YQLYtemSvFExzeMdgdE4SsyVLJbd5PcZA==}

  html-entities@2.6.0:
    resolution: {integrity: sha512-kig+rMn/QOVRvr7c86gQ8lWXq+Hkv6CbAH1hLu+RG338StTpE8Z0b44SDVaqVu7HGKf27frdmUYEs9hTUX/cLQ==}

  immediate@3.0.6:
    resolution: {integrity: sha512-XXOFtyqDjNDAQxVfYxuF7g9Il/IbWmmlQg2MYKOH8ExIT1qg6xc4zyS3HaEEATgs1btfzxq15ciUiY7gjSXRGQ==}

  imsc@1.1.5:
    resolution: {integrity: sha512-V8je+CGkcvGhgl2C1GlhqFFiUOIEdwXbXLiu1Fcubvvbo+g9inauqT3l0pNYXGoLPBj3jxtZz9t+wCopMkwadQ==}

  is-alphabetical@2.0.1:
    resolution: {integrity: sha512-FWyyY60MeTNyeSRpkM2Iry0G9hpr7/9kD40mD/cGQEuilcZYS4okz8SN2Q6rLCJ8gbCt6fN+rC+6tMGS99LaxQ==}

  is-alphanumerical@2.0.1:
    resolution: {integrity: sha512-hmbYhX/9MUMF5uh7tOXyK/n0ZvWpad5caBA17GsC6vyuCqaWliRG5K1qS9inmUhEMaOBIW7/whAnSwveW/LtZw==}

  is-decimal@2.0.1:
    resolution: {integrity: sha512-AAB9hiomQs5DXWcRB1rqsxGUstbRroFOPPVAomNk/3XHR5JyEZChOyTWe2oayKnsSsr/kcGqF+z6yuH6HHpN0A==}

  js-tokens@4.0.0:
    resolution: {integrity: sha512-RdJUflcE3cUzKiMqQgsCu06FPu9UdIJO0beYbPhHN4k6apgJtifcoCtT9bcxOpYBtpD2kCM6Sbzg4CausW/PKQ==}

  lie@3.1.1:
    resolution: {integrity: sha512-RiNhHysUjhrDQntfYSfY4MU24coXXdEOgw9WGcKHNeEwffDYbF//u87M1EWaMGzuFoSbqW0C9C6lEEhDOAswfw==}

  localforage@1.10.0:
    resolution: {integrity: sha512-14/H1aX7hzBBmmh7sGPd+AOMkkIrHM3Z1PAyGgZigA1H1p5O5ANnMyWzvpAETtG68/dC4pC0ncy3+PPGzXZHPg==}

  loose-envify@1.4.0:
    resolution: {integrity: sha512-lyuxPGr/Wfhrlem2CL/UcnUc1zcqKAImBDzukY7Y5F/yQiNdko6+fRLevlw1HgMySw7f611UIY408EtxRSoK3Q==}
    hasBin: true

  media-chrome@4.13.1:
    resolution: {integrity: sha512-jPPwYrFkM4ky27/xNYEeyRPOBC7qvru4Oydy7vQHMHplXLQJmjtcauhlLPvG0O5kkYFEaOBXv5zGYes/UxOoVw==}

  media-chrome@4.14.0:
    resolution: {integrity: sha512-IEdFb4blyF15vLvQzLIn6USJBv7Kf2ne+TfLQKBYI5Z0f9VEBVZz5MKy4Uhi0iA9lStl2S9ENIujJRuJIa5OiA==}

  media-tracks@0.3.3:
    resolution: {integrity: sha512-9P2FuUHnZZ3iji+2RQk7Zkh5AmZTnOG5fODACnjhCVveX1McY3jmCRHofIEI+yTBqplz7LXy48c7fQ3Uigp88w==}

  mux-embed@5.13.0:
    resolution: {integrity: sha512-voN+WCsA8S0lRTeu14v7WaWnQMr4f1D6rKzT7Bq1ZtETjnOaIG9EreG7p/SJrHLHHd1WTt0RYtTr4ZqJICcL6Q==}

  mux-embed@5.9.0:
    resolution: {integrity: sha512-wmunL3uoPhma/tWy8PrDPZkvJpXvSFBwbD3KkC4PG8Ztjfb1X3hRJwGUAQyRz7z99b/ovLm2UTTitrkvStjH4w==}

  native-promise-only@0.8.1:
    resolution: {integrity: sha512-zkVhZUA3y8mbz652WrL5x0fB0ehrBkulWT3TomAQ9iDtyXZvzKeEA6GPxAItBYeNYl5yngKRX612qHOhvMkDeg==}

  object-assign@4.1.1:
    resolution: {integrity: sha512-rJgTQnkUnH1sFw8yT6VSU3zD3sWmu6sZhIseY8VX+GRu3P6F7Fu+JNDoXfklElbLJSnc3FUQHVe4cU5hj+BcUg==}
    engines: {node: '>=0.10.0'}

  path-browserify@1.0.1:
    resolution: {integrity: sha512-b7uo2UCUOYZcnF/3ID0lulOJi/bafxa1xPe7ZPsammBSpjSWQkjNxlt635YGS2MiR9GjvuXCtz2emr3jbsz98g==}

  player.style@0.2.0:
    resolution: {integrity: sha512-Ngoaz49TClptMr8HDA2IFmjT3Iq6R27QEUH/C+On33L59RSF3dCLefBYB1Au2RDZQJ6oVFpc1sXaPVpp7fEzzA==}

  prop-types@15.8.1:
    resolution: {integrity: sha512-oj87CgZICdulUohogVAR7AjlC0327U4el4L6eAvOqCeudMDVU0NThNaV+b9Df4dXgSP1gXMTnPdhfe/2qDH5cg==}

  react-dom@19.2.0:
    resolution: {integrity: sha512-UlbRu4cAiGaIewkPyiRGJk0imDN2T3JjieT6spoL2UeSf5od4n5LB/mQ4ejmxhCFT1tYe8IvaFulzynWovsEFQ==}
    peerDependencies:
      react: ^19.2.0

  react-is@16.13.1:
    resolution: {integrity: sha512-24e6ynE2H+OKt4kqsOvNd8kBpV65zoxbA4BVsEOB3ARVWQki/DHzaUoC5KuON/BiccDaCCTZBuOcfZs70kR8bQ==}

  react-player@3.3.3:
    resolution: {integrity: sha512-6U2ziVohA3WLdKI/WEQ7v27CIive0TCNIro55lJZka06fjB2kC4lJqBrvddG0yBvTDcn1owiUf2hRNaIzHAjIg==}
    peerDependencies:
      '@types/react': ^17.0.0 || ^18 || ^19
      react: ^17.0.2 || ^18 || ^19
      react-dom: ^17.0.2 || ^18 || ^19

  react@19.2.0:
    resolution: {integrity: sha512-tmbWg6W31tQLeB5cdIBOicJDJRR2KzXsV7uSK9iNfLWQ5bIZfxuPEHp7M8wiHyHnn0DD1i7w3Zmin0FtkrwoCQ==}
    engines: {node: '>=0.10.0'}

  sax@1.2.1:
    resolution: {integrity: sha512-8I2a3LovHTOpm7NV5yOyO8IHqgVsfK4+UuySrXU8YXkSRX7k6hCV9b3HrkKCr3nMpgj+0bmocaJJWpvp1oc7ZA==}

  scheduler@0.27.0:
    resolution: {integrity: sha512-eNv+WrVbKu1f3vbYJT/xtiF5syA5HPIMtf9IgY/nKg0sWqzAUEvqY/xm7OcZc/qafLx/iO9FgOmeSAp4v5ti/Q==}

  spotify-audio-element@1.0.3:
    resolution: {integrity: sha512-I1/qD8cg/UnTlCIMiKSdZUJTyYfYhaqFK7LIVElc48eOqUUbVCaw1bqL8I6mJzdMJTh3eoNyF/ewvB7NoS/g9A==}

  super-media-element@1.4.2:
    resolution: {integrity: sha512-9pP/CVNp4NF2MNlRzLwQkjiTgKKe9WYXrLh9+8QokWmMxz+zt2mf1utkWLco26IuA3AfVcTb//qtlTIjY3VHxA==}

  tiktok-video-element@0.1.1:
    resolution: {integrity: sha512-BaiVzvNz2UXDKTdSrXzrNf4q6Ecc+/utYUh7zdEu2jzYcJVDoqYbVfUl0bCfMoOeeAqg28vD/yN63Y3E9jOrlA==}

  twitch-video-element@0.1.4:
    resolution: {integrity: sha512-SDpZ4f7sZmwHF6XG5PF0KWuP18pH/kNG04MhTcpqJby7Lk/D3TS/lCYd+RSg0rIAAVi1LDgSIo1yJs9kmHlhgw==}

  ua-parser-js@1.0.41:
    resolution: {integrity: sha512-LbBDqdIC5s8iROCUjMbW1f5dJQTEFB1+KO9ogbvlb3nm9n4YHa5p4KTvFPWvh2Hs8gZMBuiB1/8+pdfe/tDPug==}
    hasBin: true

  vimeo-video-element@1.6.0:
    resolution: {integrity: sha512-Vs+WWvd6ph6FtY+DqrVO5OHUUS02An87QydUcCUtAsIiXnYhZl0yiDC0XxWiFluo+S6keG38i4xCaQfS1LgeSg==}

  weakmap-polyfill@2.0.4:
    resolution: {integrity: sha512-ZzxBf288iALJseijWelmECm/1x7ZwQn3sMYIkDr2VvZp7r6SEKuT8D0O9Wiq6L9Nl5mazrOMcmiZE/2NCenaxw==}
    engines: {node: '>=8.10.0'}

  wistia-video-element@1.3.4:
    resolution: {integrity: sha512-2l22oaQe4jUfi3yvsh2m2oCEgvbqTzaSYx6aJnZAvV5hlMUJlyZheFUnaj0JU2wGlHdVGV7xNY+5KpKu+ruLYA==}

  youtube-video-element@1.6.2:
    resolution: {integrity: sha512-YHDIOAqgRpfl1Ois9HcB8UFtWOxK8KJrV5TXpImj4BKYP1rWT04f/fMM9tQ9SYZlBKukT7NR+9wcI3UpB5BMDQ==}

snapshots:

  '@mux/mux-data-google-ima@0.2.8':
    dependencies:
      mux-embed: 5.9.0

  '@mux/mux-player-react@3.6.1(@types/react@19.2.0)(react-dom@19.2.0(react@19.2.0))(react@19.2.0)':
    dependencies:
      '@mux/mux-player': 3.6.1(react@19.2.0)
      '@mux/playback-core': 0.31.0
      prop-types: 15.8.1
      react: 19.2.0
      react-dom: 19.2.0(react@19.2.0)
    optionalDependencies:
      '@types/react': 19.2.0

  '@mux/mux-player@3.6.1(react@19.2.0)':
    dependencies:
      '@mux/mux-video': 0.27.0
      '@mux/playback-core': 0.31.0
      media-chrome: 4.14.0(react@19.2.0)
      player.style: 0.2.0(react@19.2.0)
    transitivePeerDependencies:
      - react

  '@mux/mux-video@0.27.0':
    dependencies:
      '@mux/mux-data-google-ima': 0.2.8
      '@mux/playback-core': 0.31.0
      castable-video: 1.1.11
      custom-media-element: 1.4.5
      media-tracks: 0.3.3

  '@mux/playback-core@0.31.0':
    dependencies:
      hls.js: 1.6.13
      mux-embed: 5.13.0

  '@svta/common-media-library@0.12.4': {}

  '@types/react@19.2.0':
    dependencies:
      csstype: 3.1.3

  '@vimeo/player@2.29.0':
    dependencies:
      native-promise-only: 0.8.1
      weakmap-polyfill: 2.0.4

  bcp-47-match@2.0.3: {}

  bcp-47-normalize@2.3.0:
    dependencies:
      bcp-47: 2.1.0
      bcp-47-match: 2.0.3

  bcp-47@2.1.0:
    dependencies:
      is-alphabetical: 2.0.1
      is-alphanumerical: 2.0.1
      is-decimal: 2.0.1

  castable-video@1.1.11:
    dependencies:
      custom-media-element: 1.4.5

  ce-la-react@0.3.1(react@19.2.0):
    dependencies:
      react: 19.2.0

  cloudflare-video-element@1.3.4: {}

  codem-isoboxer@0.3.10: {}

  csstype@3.1.3: {}

  custom-media-element@1.4.5: {}

  dash-video-element@0.2.0:
    dependencies:
      custom-media-element: 1.4.5
      dashjs: 5.0.3
      media-tracks: 0.3.3

  dashjs@5.0.3:
    dependencies:
      '@svta/common-media-library': 0.12.4
      bcp-47-match: 2.0.3
      bcp-47-normalize: 2.3.0
      codem-isoboxer: 0.3.10
      fast-deep-equal: 3.1.3
      html-entities: 2.6.0
      imsc: 1.1.5
      localforage: 1.10.0
      path-browserify: 1.0.1
      ua-parser-js: 1.0.41

  fast-deep-equal@3.1.3: {}

  hls-video-element@1.5.8:
    dependencies:
      custom-media-element: 1.4.5
      hls.js: 1.6.13
      media-tracks: 0.3.3

  hls.js@1.6.13: {}

  html-entities@2.6.0: {}

  immediate@3.0.6: {}

  imsc@1.1.5:
    dependencies:
      sax: 1.2.1

  is-alphabetical@2.0.1: {}

  is-alphanumerical@2.0.1:
    dependencies:
      is-alphabetical: 2.0.1
      is-decimal: 2.0.1

  is-decimal@2.0.1: {}

  js-tokens@4.0.0: {}

  lie@3.1.1:
    dependencies:
      immediate: 3.0.6

  localforage@1.10.0:
    dependencies:
      lie: 3.1.1

  loose-envify@1.4.0:
    dependencies:
      js-tokens: 4.0.0

  media-chrome@4.13.1(react@19.2.0):
    dependencies:
      ce-la-react: 0.3.1(react@19.2.0)
    transitivePeerDependencies:
      - react

  media-chrome@4.14.0(react@19.2.0):
    dependencies:
      ce-la-react: 0.3.1(react@19.2.0)
    transitivePeerDependencies:
      - react

  media-tracks@0.3.3: {}

  mux-embed@5.13.0: {}

  mux-embed@5.9.0: {}

  native-promise-only@0.8.1: {}

  object-assign@4.1.1: {}

  path-browserify@1.0.1: {}

  player.style@0.2.0(react@19.2.0):
    dependencies:
      media-chrome: 4.13.1(react@19.2.0)
    transitivePeerDependencies:
      - react

  prop-types@15.8.1:
    dependencies:
      loose-envify: 1.4.0
      object-assign: 4.1.1
      react-is: 16.13.1

  react-dom@19.2.0(react@19.2.0):
    dependencies:
      react: 19.2.0
      scheduler: 0.27.0

  react-is@16.13.1: {}

  react-player@3.3.3(@types/react@19.2.0)(react-dom@19.2.0(react@19.2.0))(react@19.2.0):
    dependencies:
      '@mux/mux-player-react': 3.6.1(@types/react@19.2.0)(react-dom@19.2.0(react@19.2.0))(react@19.2.0)
      '@types/react': 19.2.0
      cloudflare-video-element: 1.3.4
      dash-video-element: 0.2.0
      hls-video-element: 1.5.8
      react: 19.2.0
      react-dom: 19.2.0(react@19.2.0)
      spotify-audio-element: 1.0.3
      tiktok-video-element: 0.1.1
      twitch-video-element: 0.1.4
      vimeo-video-element: 1.6.0
      wistia-video-element: 1.3.4
      youtube-video-element: 1.6.2
    transitivePeerDependencies:
      - '@types/react-dom'

  react@19.2.0: {}

  sax@1.2.1: {}

  scheduler@0.27.0: {}

  spotify-audio-element@1.0.3: {}

  super-media-element@1.4.2: {}

  tiktok-video-element@0.1.1: {}

  twitch-video-element@0.1.4: {}

  ua-parser-js@1.0.41: {}

  vimeo-video-element@1.6.0:
    dependencies:
      '@vimeo/player': 2.29.0

  weakmap-polyfill@2.0.4: {}

  wistia-video-element@1.3.4:
    dependencies:
      super-media-element: 1.4.2

  youtube-video-element@1.6.2: {}
